
Microsoft Visual Studio Solution File, Format Version 12.00
# Visual Studio Version 17
VisualStudioVersion = 17.4.33213.308
MinimumVisualStudioVersion = 10.0.40219.1
Project("{9A19103F-16F7-4668-BE54-9A1E7A4F7556}") = "api-gateway", "api-gateway.csproj", "{6EEFB7A4-CC05-44CA-B106-82D8147F10AB}"
EndProject
Project("{9A19103F-16F7-4668-BE54-9A1E7A4F7556}") = "personal-vocab.DAL", "..\..\personal-vocab\personal-vocab.DAL\personal-vocab.DAL.csproj", "{D33EF5F2-3796-4DF5-B63B-4FECA6CB0C39}"
EndProject
Project("{9A19103F-16F7-4668-BE54-9A1E7A4F7556}") = "dictionary-parser.API", "..\..\dictionary-parser\dictionary-parser\dictionary-parser.API.csproj", "{5E30AFDC-B0B6-4223-BC01-0716109A1840}"
EndProject
Project("{9A19103F-16F7-4668-BE54-9A1E7A4F7556}") = "personal-vocab.API", "..\..\personal-vocab\personal-vocab.API\personal-vocab.API.csproj", "{B8447877-18C5-446C-8C22-3B91265DD91D}"
EndProject
Project("{9A19103F-16F7-4668-BE54-9A1E7A4F7556}") = "authorization-module.API", "..\..\authorization-module\authorization-module.API\authorization-module.API.csproj", "{D0AF5A17-4772-4CBE-AFAC-A5F032007C21}"
EndProject
Global
	GlobalSection(SolutionConfigurationPlatforms) = preSolution
		Debug|Any CPU = Debug|Any CPU
		Release|Any CPU = Release|Any CPU
	EndGlobalSection
	GlobalSection(ProjectConfigurationPlatforms) = postSolution
		{6EEFB7A4-CC05-44CA-B106-82D8147F10AB}.Debug|Any CPU.ActiveCfg = Debug|Any CPU
		{6EEFB7A4-CC05-44CA-B106-82D8147F10AB}.Debug|Any CPU.Build.0 = Debug|Any CPU
		{6EEFB7A4-CC05-44CA-B106-82D8147F10AB}.Release|Any CPU.ActiveCfg = Release|Any CPU
		{6EEFB7A4-CC05-44CA-B106-82D8147F10AB}.Release|Any CPU.Build.0 = Release|Any CPU
		{D33EF5F2-3796-4DF5-B63B-4FECA6CB0C39}.Debug|Any CPU.ActiveCfg = Debug|Any CPU
		{D33EF5F2-3796-4DF5-B63B-4FECA6CB0C39}.Debug|Any CPU.Build.0 = Debug|Any CPU
		{D33EF5F2-3796-4DF5-B63B-4FECA6CB0C39}.Release|Any CPU.ActiveCfg = Release|Any CPU
		{D33EF5F2-3796-4DF5-B63B-4FECA6CB0C39}.Release|Any CPU.Build.0 = Release|Any CPU
		{5E30AFDC-B0B6-4223-BC01-0716109A1840}.Debug|Any CPU.ActiveCfg = Debug|Any CPU
		{5E30AFDC-B0B6-4223-BC01-0716109A1840}.Debug|Any CPU.Build.0 = Debug|Any CPU
		{5E30AFDC-B0B6-4223-BC01-0716109A1840}.Release|Any CPU.ActiveCfg = Release|Any CPU
		{5E30AFDC-B0B6-4223-BC01-0716109A1840}.Release|Any CPU.Build.0 = Release|Any CPU
		{B8447877-18C5-446C-8C22-3B91265DD91D}.Debug|Any CPU.ActiveCfg = Debug|Any CPU
		{B8447877-18C5-446C-8C22-3B91265DD91D}.Debug|Any CPU.Build.0 = Debug|Any CPU
		{B8447877-18C5-446C-8C22-3B91265DD91D}.Release|Any CPU.ActiveCfg = Release|Any CPU
		{B8447877-18C5-446C-8C22-3B91265DD91D}.Release|Any CPU.Build.0 = Release|Any CPU
		{D0AF5A17-4772-4CBE-AFAC-A5F032007C21}.Debug|Any CPU.ActiveCfg = Debug|Any CPU
		{D0AF5A17-4772-4CBE-AFAC-A5F032007C21}.Debug|Any CPU.Build.0 = Debug|Any CPU
		{D0AF5A17-4772-4CBE-AFAC-A5F032007C21}.Release|Any CPU.ActiveCfg = Release|Any CPU
		{D0AF5A17-4772-4CBE-AFAC-A5F032007C21}.Release|Any CPU.Build.0 = Release|Any CPU
	EndGlobalSection
	GlobalSection(SolutionProperties) = preSolution
		HideSolutionNode = FALSE
	EndGlobalSection
	GlobalSection(ExtensibilityGlobals) = postSolution
		SolutionGuid = {E5FDF7B3-701D-4815-8A4A-8B01D4E9AD81}
	EndGlobalSection
EndGlobal
